
Microsoft Visual Studio Solution File, Format Version 12.00
# Visual Studio 15
VisualStudioVersion = 15.0.28307.852
MinimumVisualStudioVersion = 10.0.40219.1
Project("{FAE04EC0-301F-11D3-BF4B-00C04F79EFBC}") = "SBMS", "SBMS\SBMS.csproj", "{CDACC25F-E69D-4534-928D-9DE11031EC1D}"
EndProject
Global
	GlobalSection(SolutionConfigurationPlatforms) = preSolution
		Debug|Any CPU = Debug|Any CPU
		Release|Any CPU = Release|Any CPU
	EndGlobalSection
	GlobalSection(ProjectConfigurationPlatforms) = postSolution
		{CDACC25F-E69D-4534-928D-9DE11031EC1D}.Debug|Any CPU.ActiveCfg = Debug|Any CPU
		{CDACC25F-E69D-4534-928D-9DE11031EC1D}.Debug|Any CPU.Build.0 = Debug|Any CPU
		{CDACC25F-E69D-4534-928D-9DE11031EC1D}.Release|Any CPU.ActiveCfg = Release|Any CPU
		{CDACC25F-E69D-4534-928D-9DE11031EC1D}.Release|Any CPU.Build.0 = Release|Any CPU
	EndGlobalSection
	GlobalSection(SolutionProperties) = preSolution
		HideSolutionNode = FALSE
	EndGlobalSection
	GlobalSection(ExtensibilityGlobals) = postSolution
		SolutionGuid = {B8CEB750-2955-4FF5-9CE1-28AEE8BC1B51}
	EndGlobalSection
EndGlobal
